
Microsoft Visual Studio Solution File, Format Version 12.00
Project("{FAE04EC0-301F-11D3-BF4B-00C04F79EFBC}") = "APBDApp", "APBDApp\APBDApp.csproj", "{C05ED565-1878-435F-AF4F-3B5CFA3966BF}"
EndProject
Global
	GlobalSection(SolutionConfigurationPlatforms) = preSolution
		Debug|Any CPU = Debug|Any CPU
		Release|Any CPU = Release|Any CPU
	EndGlobalSection
	GlobalSection(ProjectConfigurationPlatforms) = postSolution
		{C05ED565-1878-435F-AF4F-3B5CFA3966BF}.Debug|Any CPU.ActiveCfg = Debug|Any CPU
		{C05ED565-1878-435F-AF4F-3B5CFA3966BF}.Debug|Any CPU.Build.0 = Debug|Any CPU
		{C05ED565-1878-435F-AF4F-3B5CFA3966BF}.Release|Any CPU.ActiveCfg = Release|Any CPU
		{C05ED565-1878-435F-AF4F-3B5CFA3966BF}.Release|Any CPU.Build.0 = Release|Any CPU
	EndGlobalSection
EndGlobal
